
Microsoft Visual Studio Solution File, Format Version 12.00
# Visual Studio 15
VisualStudioVersion = 15.0.27703.2047
MinimumVisualStudioVersion = 10.0.40219.1
Project("{FAE04EC0-301F-11D3-BF4B-00C04F79EFBC}") = "Calculator", "Calculator\Calculator.csproj", "{35E5B436-B186-4C1D-A0FA-9C6A51A87BDB}"
EndProject
Global
	GlobalSection(SolutionConfigurationPlatforms) = preSolution
		Debug|Any CPU = Debug|Any CPU
		Release|Any CPU = Release|Any CPU
	EndGlobalSection
	GlobalSection(ProjectConfigurationPlatforms) = postSolution
		{35E5B436-B186-4C1D-A0FA-9C6A51A87BDB}.Debug|Any CPU.ActiveCfg = Debug|Any CPU
		{35E5B436-B186-4C1D-A0FA-9C6A51A87BDB}.Debug|Any CPU.Build.0 = Debug|Any CPU
		{35E5B436-B186-4C1D-A0FA-9C6A51A87BDB}.Release|Any CPU.ActiveCfg = Release|Any CPU
		{35E5B436-B186-4C1D-A0FA-9C6A51A87BDB}.Release|Any CPU.Build.0 = Release|Any CPU
	EndGlobalSection
	GlobalSection(SolutionProperties) = preSolution
		HideSolutionNode = FALSE
	EndGlobalSection
	GlobalSection(ExtensibilityGlobals) = postSolution
		SolutionGuid = {84028061-BFBA-43AB-A1CB-CE75CA2092AF}
	EndGlobalSection
EndGlobal
